
Microsoft Visual Studio Solution File, Format Version 12.00
# Visual Studio Version 17
VisualStudioVersion = 17.0.32014.148
MinimumVisualStudioVersion = 10.0.40219.1
Project("{FAE04EC0-301F-11D3-BF4B-00C04F79EFBC}") = "Raducu_Alexandru_Gabriel_Lab8", "Raducu_Alexandru_Gabriel_Lab8.csproj", "{C4D861E0-4CB0-44CC-8240-6F25C284B2E9}"
EndProject
Global
	GlobalSection(SolutionConfigurationPlatforms) = preSolution
		Debug|Any CPU = Debug|Any CPU
		Release|Any CPU = Release|Any CPU
	EndGlobalSection
	GlobalSection(ProjectConfigurationPlatforms) = postSolution
		{C4D861E0-4CB0-44CC-8240-6F25C284B2E9}.Debug|Any CPU.ActiveCfg = Debug|Any CPU
		{C4D861E0-4CB0-44CC-8240-6F25C284B2E9}.Debug|Any CPU.Build.0 = Debug|Any CPU
		{C4D861E0-4CB0-44CC-8240-6F25C284B2E9}.Release|Any CPU.ActiveCfg = Release|Any CPU
		{C4D861E0-4CB0-44CC-8240-6F25C284B2E9}.Release|Any CPU.Build.0 = Release|Any CPU
	EndGlobalSection
	GlobalSection(SolutionProperties) = preSolution
		HideSolutionNode = FALSE
	EndGlobalSection
	GlobalSection(ExtensibilityGlobals) = postSolution
		SolutionGuid = {4BDA0FD4-043A-4C3B-95BF-78C96E269624}
	EndGlobalSection
EndGlobal
